version = 1
revision = 2
requires-python = ">=3.8"
resolution-markers = [
    "python_full_version >= '3.9'",
    "python_full_version < '3.9'",
]

[[package]]
name = "altgraph"
version = "0.17.4"
source = { registry = "https://pypi.org/simple" }
sdist = { url = "https://files.pythonhosted.org/packages/de/a8/7145824cf0b9e3c28046520480f207df47e927df83aa9555fb47f8505922/altgraph-0.17.4.tar.gz", hash = "sha256:1b5afbb98f6c4dcadb2e2ae6ab9fa994bbb8c1d75f4fa96d340f9437ae454406", size = 48418, upload_time = "2023-09-25T09:04:52.164Z" }
wheels = [
    { url = "https://files.pythonhosted.org/packages/4d/3f/3bc3f1d83f6e4a7fcb834d3720544ca597590425be5ba9db032b2bf322a2/altgraph-0.17.4-py2.py3-none-any.whl", hash = "sha256:642743b4750de17e655e6711601b077bc6598dbfa3ba5fa2b2a35ce12b508dff", size = 21212, upload_time = "2023-09-25T09:04:50.691Z" },
]

[[package]]
name = "cffi"
version = "1.15.0"
source = { registry = "https://pypi.org/simple" }
dependencies = [
    { name = "pycparser" },
]
sdist = { url = "https://files.pythonhosted.org/packages/00/9e/92de7e1217ccc3d5f352ba21e52398372525765b2e0c4530e6eb2ba9282a/cffi-1.15.0.tar.gz", hash = "sha256:920f0d66a896c2d99f0adbb391f990a84091179542c205fa53ce5787aff87954", size = 484058, upload_time = "2021-10-13T15:53:33.191Z" }
wheels = [
    { url = "https://files.pythonhosted.org/packages/f0/00/3003a6f8c20bc349cc7c307432dcbd3711135a1ce12b763e7b09726674f0/cffi-1.15.0-cp310-cp310-macosx_10_9_x86_64.whl", hash = "sha256:0104fb5ae2391d46a4cb082abdd5c69ea4eab79d8d44eaaf79f1b1fd806ee4c2", size = 178921, upload_time = "2021-10-13T15:52:19.505Z" },
    { url = "https://files.pythonhosted.org/packages/7f/96/126f39cbb6d7c87cb7de2e5f74a2a707c282c357055be641d3ae6075d0a5/cffi-1.15.0-cp310-cp310-macosx_11_0_arm64.whl", hash = "sha256:91ec59c33514b7c7559a6acda53bbfe1b283949c34fe7440bcf917f96ac0723e", size = 173978, upload_time = "2021-10-13T15:52:20.978Z" },
    { url = "https://files.pythonhosted.org/packages/c3/54/4587212a3a2340d41a40a903c92ce3590f78ca75a56fd608e6889cba98d1/cffi-1.15.0-cp310-cp310-manylinux_2_12_i686.manylinux2010_i686.whl", hash = "sha256:f5c7150ad32ba43a07c4479f40241756145a1f03b43480e058cfd862bf5041c7", size = 421990, upload_time = "2021-10-13T15:52:22.52Z" },
    { url = "https://files.pythonhosted.org/packages/ae/27/a99335833b6c4d356bdeaadd87d0e9e83969761513dba6dc2a8123d95ca1/cffi-1.15.0-cp310-cp310-manylinux_2_12_x86_64.manylinux2010_x86_64.whl", hash = "sha256:00c878c90cb53ccfaae6b8bc18ad05d2036553e6d9d1d9dbcf323bbe83854ca3", size = 446295, upload_time = "2021-10-13T15:52:24.06Z" },
    { url = "https://files.pythonhosted.org/packages/6d/cc/e45ad6277cd0675c4fbfc25cacc29f5760b9a4c150fd902b18abf85e4672/cffi-1.15.0-cp310-cp310-manylinux_2_17_aarch64.manylinux2014_aarch64.whl", hash = "sha256:abb9a20a72ac4e0fdb50dae135ba5e77880518e742077ced47eb1499e29a443c", size = 448338, upload_time = "2021-10-13T15:52:25.576Z" },
    { url = "https://files.pythonhosted.org/packages/bb/7d/8e2ef3d009d801e02e18fb995c06ad788b5ed42c534c9c737260d54ddec7/cffi-1.15.0-cp310-cp310-manylinux_2_17_ppc64le.manylinux2014_ppc64le.whl", hash = "sha256:a5263e363c27b653a90078143adb3d076c1a748ec9ecc78ea2fb916f9b861962", size = 466226, upload_time = "2021-10-13T15:52:27.85Z" },
    { url = "https://files.pythonhosted.org/packages/ac/40/9cf45d01320987075d3156e96741b5de2395005070b571c0c9498093b905/cffi-1.15.0-cp310-cp310-manylinux_2_17_s390x.manylinux2014_s390x.whl", hash = "sha256:f54a64f8b0c8ff0b64d18aa76675262e1700f3995182267998c31ae974fbc382", size = 445840, upload_time = "2021-10-13T15:52:29.692Z" },
    { url = "https://files.pythonhosted.org/packages/2a/fb/7f52b10940eb31b32410fe016cad5b379961be0eac1d40ba4afa1e7819ad/cffi-1.15.0-cp310-cp310-win32.whl", hash = "sha256:c21c9e3896c23007803a875460fb786118f0cdd4434359577ea25eb556e34c55", size = 167455, upload_time = "2021-10-13T15:52:31.147Z" },
    { url = "https://files.pythonhosted.org/packages/c9/06/3dc78a8537fba6d442d45a2d9c0d71679d2bfc88e82452780874256cf883/cffi-1.15.0-cp310-cp310-win_amd64.whl", hash = "sha256:5e069f72d497312b24fcc02073d70cb989045d1c91cbd53979366077959933e0", size = 180290, upload_time = "2021-10-13T15:52:32.661Z" },
    { url = "https://files.pythonhosted.org/packages/5e/f0/693b6c7fea52d1afad55d1bfa3e5991a9075d98ac66330ab404dbc69ec8d/cffi-1.15.0-cp38-cp38-macosx_10_9_x86_64.whl", hash = "sha256:4238e6dab5d6a8ba812de994bbb0a79bddbdf80994e4ce802b6f6f3142fcc880", size = 178653, upload_time = "2021-10-13T15:53:01.333Z" },
    { url = "https://files.pythonhosted.org/packages/25/ba/a1d3428797f25a42530adb2c8cce1655863b6a37ece63465a16b5e939a43/cffi-1.15.0-cp38-cp38-manylinux_2_12_i686.manylinux2010_i686.whl", hash = "sha256:0808014eb713677ec1292301ea4c81ad277b6cdf2fdd90fd540af98c0b101d20", size = 423007, upload_time = "2021-10-13T15:53:02.997Z" },
    { url = "https://files.pythonhosted.org/packages/e5/fe/1dac7533ddb73767df8ba26183a9375dde2ee136aec7c92c9fb3038108e3/cffi-1.15.0-cp38-cp38-manylinux_2_12_x86_64.manylinux2010_x86_64.whl", hash = "sha256:57e9ac9ccc3101fac9d6014fba037473e4358ef4e89f8e181f8951a2c0162024", size = 446704, upload_time = "2021-10-13T15:53:04.952Z" },
    { url = "https://files.pythonhosted.org/packages/97/5b/88b6fde78749406ddd15ef89466927e688912ff9ff3248d9f41b4551362a/cffi-1.15.0-cp38-cp38-manylinux_2_17_aarch64.manylinux2014_aarch64.whl", hash = "sha256:8b6c2ea03845c9f501ed1313e78de148cd3f6cad741a75d43a29b43da27f2e1e", size = 448739, upload_time = "2021-10-13T15:53:06.629Z" },
    { url = "https://files.pythonhosted.org/packages/f5/7b/dba03f566c1966b2f23e95fbbe1b6d8e2b98450f0b779f2b5ce38470447f/cffi-1.15.0-cp38-cp38-manylinux_2_17_ppc64le.manylinux2014_ppc64le.whl", hash = "sha256:10dffb601ccfb65262a27233ac273d552ddc4d8ae1bf93b21c94b8511bffe728", size = 466959, upload_time = "2021-10-13T15:53:08.331Z" },
    { url = "https://files.pythonhosted.org/packages/33/e7/afbae3b77e10929dd5ccdf9ae99c39ec4085148888ff4507000429937166/cffi-1.15.0-cp38-cp38-manylinux_2_17_s390x.manylinux2014_s390x.whl", hash = "sha256:786902fb9ba7433aae840e0ed609f45c7bcd4e225ebb9c753aa39725bb3e6ad6", size = 446289, upload_time = "2021-10-13T15:53:10.216Z" },
    { url = "https://files.pythonhosted.org/packages/46/ab/b8dbd36f793cc3492ad26148e0ee0cad38fd47105ff30295e2cd88cc62e2/cffi-1.15.0-cp38-cp38-win32.whl", hash = "sha256:da5db4e883f1ce37f55c667e5c0de439df76ac4cb55964655906306918e7363c", size = 167190, upload_time = "2021-10-13T15:53:11.964Z" },
    { url = "https://files.pythonhosted.org/packages/b6/15/a50bf922c5f025665a9671c5ef063c3f384303d422f6b1d3134510cc044e/cffi-1.15.0-cp38-cp38-win_amd64.whl", hash = "sha256:181dee03b1170ff1969489acf1c26533710231c58f95534e3edac87fff06c443", size = 179981, upload_time = "2021-10-13T15:53:14.437Z" },
    { url = "https://files.pythonhosted.org/packages/61/51/cff222be618f0e060a6991ab387f9574776fd0711a63b2be80df47ec5fad/cffi-1.15.0-cp39-cp39-macosx_10_9_x86_64.whl", hash = "sha256:45e8636704eacc432a206ac7345a5d3d2c62d95a507ec70d62f23cd91770482a", size = 178951, upload_time = "2021-10-13T15:53:17.082Z" },
    { url = "https://files.pythonhosted.org/packages/3e/9b/660d6da900af1976a8b4efea713a7ce9e514bf4659eff9b17f90f00be1cf/cffi-1.15.0-cp39-cp39-macosx_11_0_arm64.whl", hash = "sha256:31fb708d9d7c3f49a60f04cf5b119aeefe5644daba1cd2a0fe389b674fd1de37", size = 173997, upload_time = "2021-10-13T15:53:18.843Z" },
    { url = "https://files.pythonhosted.org/packages/39/02/960252ec9b39840e20a279de29a6fda9b4e49be79e0f32f0cfdf3e61cc4f/cffi-1.15.0-cp39-cp39-manylinux_2_12_i686.manylinux2010_i686.whl", hash = "sha256:6dc2737a3674b3e344847c8686cf29e500584ccad76204efea14f451d4cc669a", size = 421227, upload_time = "2021-10-13T15:53:20.483Z" },
    { url = "https://files.pythonhosted.org/packages/e2/25/00fd291e0872d43dabe070e7b761ba37453a1a94bd6e28c31b73112d8f0c/cffi-1.15.0-cp39-cp39-manylinux_2_12_x86_64.manylinux2010_x86_64.whl", hash = "sha256:74fdfdbfdc48d3f47148976f49fab3251e550a8720bebc99bf1483f5bfb5db3e", size = 444309, upload_time = "2021-10-13T15:53:22.281Z" },
    { url = "https://files.pythonhosted.org/packages/6a/5e/d33fdd7461fba6e3b0f8fc4141eba410be16af81cf1ed32223a40abe27ac/cffi-1.15.0-cp39-cp39-manylinux_2_17_aarch64.manylinux2014_aarch64.whl", hash = "sha256:ffaa5c925128e29efbde7301d8ecaf35c8c60ffbcd6a1ffd3a552177c8e5e796", size = 447553, upload_time = "2021-10-13T15:53:24.565Z" },
    { url = "https://files.pythonhosted.org/packages/de/a9/ab4725702c9e5b77643136228a983194fa6e39ea387d964b3c827159d780/cffi-1.15.0-cp39-cp39-manylinux_2_17_ppc64le.manylinux2014_ppc64le.whl", hash = "sha256:3f7d084648d77af029acb79a0ff49a0ad7e9d09057a9bf46596dac9514dc07df", size = 465362, upload_time = "2021-10-13T15:53:26.267Z" },
    { url = "https://files.pythonhosted.org/packages/93/bc/a6b9abd8f692278a8e63759136f47ce69e564a7bcfa7ae7e5561243c74f3/cffi-1.15.0-cp39-cp39-manylinux_2_17_s390x.manylinux2014_s390x.whl", hash = "sha256:ef1f279350da2c586a69d32fc8733092fd32cc8ac95139a00377841f59a3f8d8", size = 445122, upload_time = "2021-10-13T15:53:27.805Z" },
    { url = "https://files.pythonhosted.org/packages/03/31/b714d1f35e896fa36c302e024a9ccad3c6952660bcbb1a43188ef20f3ec3/cffi-1.15.0-cp39-cp39-win32.whl", hash = "sha256:2a23af14f408d53d5e6cd4e3d9a24ff9e05906ad574822a10563efcef137979a", size = 167463, upload_time = "2021-10-13T15:53:29.269Z" },
    { url = "https://files.pythonhosted.org/packages/bd/92/25f744cbe55e7e54b35f256f9fdd50a590c434cf47afb78b8a6278a87c2d/cffi-1.15.0-cp39-cp39-win_amd64.whl", hash = "sha256:3773c4d81e6e818df2efbc7dd77325ca0dcb688116050fb2b3011218eda36139", size = 180266, upload_time = "2021-10-13T15:53:31.02Z" },
]

[[package]]
name = "challenge-dangerous-worm"
version = "0.1.0"
source = { virtual = "." }
dependencies = [
    { name = "cffi" },
    { name = "pycryptodome" },
    { name = "pyinstaller" },
]

[package.metadata]
requires-dist = [
    { name = "cffi", specifier = "==1.15.0" },
    { name = "pycryptodome", specifier = "==3.14.1" },
    { name = "pyinstaller", specifier = ">=6.16.0" },
]

[[package]]
name = "importlib-metadata"
version = "8.5.0"
source = { registry = "https://pypi.org/simple" }
resolution-markers = [
    "python_full_version < '3.9'",
]
dependencies = [
    { name = "zipp", version = "3.20.2", source = { registry = "https://pypi.org/simple" }, marker = "python_full_version < '3.9'" },
]
sdist = { url = "https://files.pythonhosted.org/packages/cd/12/33e59336dca5be0c398a7482335911a33aa0e20776128f038019f1a95f1b/importlib_metadata-8.5.0.tar.gz", hash = "sha256:71522656f0abace1d072b9e5481a48f07c138e00f079c38c8f883823f9c26bd7", size = 55304, upload_time = "2024-09-11T14:56:08.937Z" }
wheels = [
    { url = "https://files.pythonhosted.org/packages/a0/d9/a1e041c5e7caa9a05c925f4bdbdfb7f006d1f74996af53467bc394c97be7/importlib_metadata-8.5.0-py3-none-any.whl", hash = "sha256:45e54197d28b7a7f1559e60b95e7c567032b602131fbd588f1497f47880aa68b", size = 26514, upload_time = "2024-09-11T14:56:07.019Z" },
]

[[package]]
name = "importlib-metadata"
version = "8.7.0"
source = { registry = "https://pypi.org/simple" }
resolution-markers = [
    "python_full_version >= '3.9'",
]
dependencies = [
    { name = "zipp", version = "3.23.0", source = { registry = "https://pypi.org/simple" }, marker = "python_full_version >= '3.9'" },
]
sdist = { url = "https://files.pythonhosted.org/packages/76/66/650a33bd90f786193e4de4b3ad86ea60b53c89b669a5c7be931fac31cdb0/importlib_metadata-8.7.0.tar.gz", hash = "sha256:d13b81ad223b890aa16c5471f2ac3056cf76c5f10f82d6f9292f0b415f389000", size = 56641, upload_time = "2025-04-27T15:29:01.736Z" }
wheels = [
    { url = "https://files.pythonhosted.org/packages/20/b0/36bd937216ec521246249be3bf9855081de4c5e06a0c9b4219dbeda50373/importlib_metadata-8.7.0-py3-none-any.whl", hash = "sha256:e5dd1551894c77868a30651cef00984d50e1002d06942a7101d34870c5f02afd", size = 27656, upload_time = "2025-04-27T15:29:00.214Z" },
]

[[package]]
name = "macholib"
version = "1.16.3"
source = { registry = "https://pypi.org/simple" }
dependencies = [
    { name = "altgraph" },
]
sdist = { url = "https://files.pythonhosted.org/packages/95/ee/af1a3842bdd5902ce133bd246eb7ffd4375c38642aeb5dc0ae3a0329dfa2/macholib-1.16.3.tar.gz", hash = "sha256:07ae9e15e8e4cd9a788013d81f5908b3609aa76f9b1421bae9c4d7606ec86a30", size = 59309, upload_time = "2023-09-25T09:10:16.155Z" }
wheels = [
    { url = "https://files.pythonhosted.org/packages/d1/5d/c059c180c84f7962db0aeae7c3b9303ed1d73d76f2bfbc32bc231c8be314/macholib-1.16.3-py2.py3-none-any.whl", hash = "sha256:0e315d7583d38b8c77e815b1ecbdbf504a8258d8b3e17b61165c6feb60d18f2c", size = 38094, upload_time = "2023-09-25T09:10:14.188Z" },
]

[[package]]
name = "packaging"
version = "25.0"
source = { registry = "https://pypi.org/simple" }
sdist = { url = "https://files.pythonhosted.org/packages/a1/d4/1fc4078c65507b51b96ca8f8c3ba19e6a61c8253c72794544580a7b6c24d/packaging-25.0.tar.gz", hash = "sha256:d443872c98d677bf60f6a1f2f8c1cb748e8fe762d2bf9d3148b5599295b0fc4f", size = 165727, upload_time = "2025-04-19T11:48:59.673Z" }
wheels = [
    { url = "https://files.pythonhosted.org/packages/20/12/38679034af332785aac8774540895e234f4d07f7545804097de4b666afd8/packaging-25.0-py3-none-any.whl", hash = "sha256:29572ef2b1f17581046b3a2227d5c611fb25ec70ca1ba8554b24b0e69331a484", size = 66469, upload_time = "2025-04-19T11:48:57.875Z" },
]

[[package]]
name = "pefile"
version = "2023.2.7"
source = { registry = "https://pypi.org/simple" }
sdist = { url = "https://files.pythonhosted.org/packages/78/c5/3b3c62223f72e2360737fd2a57c30e5b2adecd85e70276879609a7403334/pefile-2023.2.7.tar.gz", hash = "sha256:82e6114004b3d6911c77c3953e3838654b04511b8b66e8583db70c65998017dc", size = 74854, upload_time = "2023-02-07T12:23:55.958Z" }
wheels = [
    { url = "https://files.pythonhosted.org/packages/55/26/d0ad8b448476d0a1e8d3ea5622dc77b916db84c6aa3cb1e1c0965af948fc/pefile-2023.2.7-py3-none-any.whl", hash = "sha256:da185cd2af68c08a6cd4481f7325ed600a88f6a813bad9dea07ab3ef73d8d8d6", size = 71791, upload_time = "2023-02-07T12:28:36.678Z" },
]

[[package]]
name = "pycparser"
version = "2.23"
source = { registry = "https://pypi.org/simple" }
sdist = { url = "https://files.pythonhosted.org/packages/fe/cf/d2d3b9f5699fb1e4615c8e32ff220203e43b248e1dfcc6736ad9057731ca/pycparser-2.23.tar.gz", hash = "sha256:78816d4f24add8f10a06d6f05b4d424ad9e96cfebf68a4ddc99c65c0720d00c2", size = 173734, upload_time = "2025-09-09T13:23:47.91Z" }
wheels = [
    { url = "https://files.pythonhosted.org/packages/a0/e3/59cd50310fc9b59512193629e1984c1f95e5c8ae6e5d8c69532ccc65a7fe/pycparser-2.23-py3-none-any.whl", hash = "sha256:e5c6e8d3fbad53479cab09ac03729e0a9faf2bee3db8208a550daf5af81a5934", size = 118140, upload_time = "2025-09-09T13:23:46.651Z" },
]

[[package]]
name = "pycryptodome"
version = "3.14.1"
source = { registry = "https://pypi.org/simple" }
sdist = { url = "https://files.pythonhosted.org/packages/32/09/41ea2633fea5b973dac9829de871b417ff3ce2963d07fd92e3f2d2a9ee9b/pycryptodome-3.14.1.tar.gz", hash = "sha256:e04e40a7f8c1669195536a37979dd87da2c32dbdc73d6fe35f0077b0c17c803b", size = 3372425, upload_time = "2022-02-04T19:07:06.385Z" }
wheels = [
    { url = "https://files.pythonhosted.org/packages/ea/ec/1ec2d8d294dc204a23de8d8b077940a297ce93b755de08b6c4ceba7c82ac/pycryptodome-3.14.1-cp35-abi3-macosx_10_9_x86_64.whl", hash = "sha256:f2772af1c3ef8025c85335f8b828d0193fa1e43256621f613280e2c81bfad423", size = 1494754, upload_time = "2022-02-04T19:05:41.626Z" },
    { url = "https://files.pythonhosted.org/packages/0f/59/4ecad81bbbd26ef8a5a345c7dce8e186e3e306cfdd46cf7dbc72376e61df/pycryptodome-3.14.1-cp35-abi3-manylinux1_i686.whl", hash = "sha256:9ec761a35dbac4a99dcbc5cd557e6e57432ddf3e17af8c3c86b44af9da0189c0", size = 2081563, upload_time = "2022-02-04T19:05:44.999Z" },
    { url = "https://files.pythonhosted.org/packages/a6/e7/a9f558ff1ddef20469cf500e13493bcff1a968714a4881cc0460e6597ed6/pycryptodome-3.14.1-cp35-abi3-manylinux1_x86_64.whl", hash = "sha256:e64738207a02a83590df35f59d708bf1e7ea0d6adce712a777be2967e5f7043c", size = 1970370, upload_time = "2022-02-04T19:05:49.119Z" },
    { url = "https://files.pythonhosted.org/packages/87/5f/4a1909afa2f8e29eb0e90aeab958898023eebeb07b1a14d1335f590fcefa/pycryptodome-3.14.1-cp35-abi3-manylinux2010_i686.whl", hash = "sha256:e24d4ec4b029611359566c52f31af45c5aecde7ef90bf8f31620fd44c438efe7", size = 2081569, upload_time = "2022-02-04T19:05:53.108Z" },
    { url = "https://files.pythonhosted.org/packages/71/6b/965be3bec8fc1f6013739fea2bba86cf43a3be09ab7e29bd2134829c7615/pycryptodome-3.14.1-cp35-abi3-manylinux2010_x86_64.whl", hash = "sha256:8b5c28058102e2974b9868d72ae5144128485d466ba8739abd674b77971454cc", size = 1970374, upload_time = "2022-02-04T19:05:57.651Z" },
    { url = "https://files.pythonhosted.org/packages/c6/ff/670f9102b40b19fe53a701c51c89e4455e72198ff0a291980a7a9a9ea55c/pycryptodome-3.14.1-cp35-abi3-manylinux2014_aarch64.whl", hash = "sha256:924b6aad5386fb54f2645f22658cb0398b1f25bc1e714a6d1522c75d527deaa5", size = 1518645, upload_time = "2022-02-04T19:06:01.261Z" },
    { url = "https://files.pythonhosted.org/packages/a6/e9/21e3c81ec8f5dd3f7453625985ea649e06280a17dba5c07ee3be7a39ea49/pycryptodome-3.14.1-cp35-abi3-win32.whl", hash = "sha256:53dedbd2a6a0b02924718b520a723e88bcf22e37076191eb9b91b79934fb2192", size = 1786661, upload_time = "2022-02-04T19:06:05.421Z" },
    { url = "https://files.pythonhosted.org/packages/19/81/45b2ea1fd90d7caa0e5aa36a373d136f7e4c07c129f3018c89e699777cf8/pycryptodome-3.14.1-cp35-abi3-win_amd64.whl", hash = "sha256:ea56a35fd0d13121417d39a83f291017551fa2c62d6daa6b04af6ece7ed30d84", size = 1836495, upload_time = "2022-02-04T19:06:09.831Z" },
]

[[package]]
name = "pyinstaller"
version = "6.16.0"
source = { registry = "https://pypi.org/simple" }
dependencies = [
    { name = "altgraph" },
    { name = "importlib-metadata", version = "8.5.0", source = { registry = "https://pypi.org/simple" }, marker = "python_full_version < '3.9'" },
    { name = "importlib-metadata", version = "8.7.0", source = { registry = "https://pypi.org/simple" }, marker = "python_full_version == '3.9.*'" },
    { name = "macholib", marker = "sys_platform == 'darwin'" },
    { name = "packaging" },
    { name = "pefile", marker = "sys_platform == 'win32'" },
    { name = "pyinstaller-hooks-contrib" },
    { name = "pywin32-ctypes", marker = "sys_platform == 'win32'" },
    { name = "setuptools", version = "75.3.2", source = { registry = "https://pypi.org/simple" }, marker = "python_full_version < '3.9'" },
    { name = "setuptools", version = "80.9.0", source = { registry = "https://pypi.org/simple" }, marker = "python_full_version >= '3.9'" },
]
sdist = { url = "https://files.pythonhosted.org/packages/94/94/1f62e95e4a28b64cfbb5b922ef3046f968b47170d37a1e1a029f56ac9cb4/pyinstaller-6.16.0.tar.gz", hash = "sha256:53559fe1e041a234f2b4dcc3288ea8bdd57f7cad8a6644e422c27bb407f3edef", size = 4008473, upload_time = "2025-09-13T20:07:01.733Z" }
wheels = [
    { url = "https://files.pythonhosted.org/packages/7b/0a/c42ce6e5d3de287f2e9432a074fb209f1fb72a86a72f3903849fdb5e4829/pyinstaller-6.16.0-py3-none-macosx_10_13_universal2.whl", hash = "sha256:7fd1c785219a87ca747c21fa92f561b0d2926a7edc06d0a0fe37f3736e00bd7a", size = 1027899, upload_time = "2025-09-13T20:05:59.2Z" },
    { url = "https://files.pythonhosted.org/packages/4e/d0/f18fedde32835d5a758f464c75924e2154065625f09d5456c3c303527654/pyinstaller-6.16.0-py3-none-manylinux2014_aarch64.whl", hash = "sha256:b756ddb9007b8141c5476b553351f9d97559b8af5d07f9460869bfae02be26b0", size = 727990, upload_time = "2025-09-13T20:06:03.583Z" },
    { url = "https://files.pythonhosted.org/packages/7a/db/c8bb47514ce857b24bf9294cf1ff74844b6a489fa0ab4ef6f923288c4e38/pyinstaller-6.16.0-py3-none-manylinux2014_i686.whl", hash = "sha256:0a48f55b85ff60f83169e10050f2759019cf1d06773ad1c4da3a411cd8751058", size = 739238, upload_time = "2025-09-13T20:06:07.69Z" },
    { url = "https://files.pythonhosted.org/packages/c6/3e/451dc784a8fcca0fe9f9b6b802d58555364a95b60f253613a2c83fc6b023/pyinstaller-6.16.0-py3-none-manylinux2014_ppc64le.whl", hash = "sha256:73ba72e04fcece92e32518bbb1e1fb5ac2892677943dfdff38e01a06e8742851", size = 737142, upload_time = "2025-09-13T20:06:11.732Z" },
    { url = "https://files.pythonhosted.org/packages/71/37/2f457479ef8fa2821cdb448acee2421dfb19fbe908bf5499d1930c164084/pyinstaller-6.16.0-py3-none-manylinux2014_s390x.whl", hash = "sha256:b1752488248f7899281b17ca3238eefb5410521291371a686a4f5830f29f52b3", size = 734133, upload_time = "2025-09-13T20:06:15.477Z" },
    { url = "https://files.pythonhosted.org/packages/63/c4/0f7daac4d062a4d1ac2571d8a8b9b5d6812094fcd914d139af591ca5e1ba/pyinstaller-6.16.0-py3-none-manylinux2014_x86_64.whl", hash = "sha256:ba618a61627ee674d6d68e5de084ba17c707b59a4f2a856084b3999bdffbd3f0", size = 733817, upload_time = "2025-09-13T20:06:19.683Z" },
    { url = "https://files.pythonhosted.org/packages/11/e4/b6127265b42bef883e8873d850becadf748bc5652e5a7029b059328f3c31/pyinstaller-6.16.0-py3-none-musllinux_1_1_aarch64.whl", hash = "sha256:c8b7ef536711617e12fef4673806198872033fa06fa92326ad7fd1d84a9fa454", size = 732912, upload_time = "2025-09-13T20:06:23.46Z" },
    { url = "https://files.pythonhosted.org/packages/2b/00/c6663107bdf814b2916e71563beabd09f693c47712213bc228994cb2cc65/pyinstaller-6.16.0-py3-none-musllinux_1_1_x86_64.whl", hash = "sha256:d1ebf84d02c51fed19b82a8abb4df536923abd55bb684d694e1356e4ae2a0ce5", size = 732773, upload_time = "2025-09-13T20:06:27.352Z" },
    { url = "https://files.pythonhosted.org/packages/a3/14/cabe9bc5f60b95d2e70e7d045ab94b0015ff8f6c8b16e2142d3597e30749/pyinstaller-6.16.0-py3-none-win32.whl", hash = "sha256:6d5f8617f3650ff9ef893e2ab4ddbf3c0d23d0c602ef74b5df8fbef4607840c8", size = 1313878, upload_time = "2025-09-13T20:06:33.234Z" },
    { url = "https://files.pythonhosted.org/packages/aa/99/2005efbc297e7813c1d6f18484aa94a1a81ce87b6a5b497c563681f4c4ea/pyinstaller-6.16.0-py3-none-win_amd64.whl", hash = "sha256:bc10eb1a787f99fea613509f55b902fbd2d8b73ff5f51ff245ea29a481d97d41", size = 1374706, upload_time = "2025-09-13T20:06:39.95Z" },
    { url = "https://files.pythonhosted.org/packages/ca/f4/4dfcf69b86d60fcaae05a42bbff1616d48a91e71726e5ed795d773dae9b3/pyinstaller-6.16.0-py3-none-win_arm64.whl", hash = "sha256:d0af8a401de792c233c32c44b16d065ca9ab8262ee0c906835c12bdebc992a64", size = 1315923, upload_time = "2025-09-13T20:06:45.846Z" },
]

[[package]]
name = "pyinstaller-hooks-contrib"
version = "2025.9"
source = { registry = "https://pypi.org/simple" }
dependencies = [
    { name = "importlib-metadata", version = "8.5.0", source = { registry = "https://pypi.org/simple" }, marker = "python_full_version < '3.9'" },
    { name = "importlib-metadata", version = "8.7.0", source = { registry = "https://pypi.org/simple" }, marker = "python_full_version == '3.9.*'" },
    { name = "packaging" },
    { name = "setuptools", version = "75.3.2", source = { registry = "https://pypi.org/simple" }, marker = "python_full_version < '3.9'" },
    { name = "setuptools", version = "80.9.0", source = { registry = "https://pypi.org/simple" }, marker = "python_full_version >= '3.9'" },
]
sdist = { url = "https://files.pythonhosted.org/packages/7d/83/be0f57c0b77b66c33c2283ebd4ea341022b5a743e97c5fb3bebab82b38b9/pyinstaller_hooks_contrib-2025.9.tar.gz", hash = "sha256:56e972bdaad4e9af767ed47d132362d162112260cbe488c9da7fee01f228a5a6", size = 165189, upload_time = "2025-09-24T11:21:35.113Z" }
wheels = [
    { url = "https://files.pythonhosted.org/packages/a2/26/23b4cfc77d7f808c69f59070e1e8293a579ec281a547c61562357160b346/pyinstaller_hooks_contrib-2025.9-py3-none-any.whl", hash = "sha256:ccbfaa49399ef6b18486a165810155e5a8d4c59b41f20dc5da81af7482aaf038", size = 444283, upload_time = "2025-09-24T11:21:33.67Z" },
]

[[package]]
name = "pywin32-ctypes"
version = "0.2.3"
source = { registry = "https://pypi.org/simple" }
sdist = { url = "https://files.pythonhosted.org/packages/85/9f/01a1a99704853cb63f253eea009390c88e7131c67e66a0a02099a8c917cb/pywin32-ctypes-0.2.3.tar.gz", hash = "sha256:d162dc04946d704503b2edc4d55f3dba5c1d539ead017afa00142c38b9885755", size = 29471, upload_time = "2024-08-14T10:15:34.626Z" }
wheels = [
    { url = "https://files.pythonhosted.org/packages/de/3d/8161f7711c017e01ac9f008dfddd9410dff3674334c233bde66e7ba65bbf/pywin32_ctypes-0.2.3-py3-none-any.whl", hash = "sha256:8a1513379d709975552d202d942d9837758905c8d01eb82b8bcc30918929e7b8", size = 30756, upload_time = "2024-08-14T10:15:33.187Z" },
]

[[package]]
name = "setuptools"
version = "75.3.2"
source = { registry = "https://pypi.org/simple" }
resolution-markers = [
    "python_full_version < '3.9'",
]
sdist = { url = "https://files.pythonhosted.org/packages/5c/01/771ea46cce201dd42cff043a5eea929d1c030fb3d1c2ee2729d02ca7814c/setuptools-75.3.2.tar.gz", hash = "sha256:3c1383e1038b68556a382c1e8ded8887cd20141b0eb5708a6c8d277de49364f5", size = 1354489, upload_time = "2025-03-12T00:02:19.004Z" }
wheels = [
    { url = "https://files.pythonhosted.org/packages/15/65/3f0dba35760d902849d39d38c0a72767794b1963227b69a587f8a336d08c/setuptools-75.3.2-py3-none-any.whl", hash = "sha256:90ab613b6583fc02d5369cbca13ea26ea0e182d1df2d943ee9cbe81d4c61add9", size = 1251198, upload_time = "2025-03-12T00:02:17.554Z" },
]

[[package]]
name = "setuptools"
version = "80.9.0"
source = { registry = "https://pypi.org/simple" }
resolution-markers = [
    "python_full_version >= '3.9'",
]
sdist = { url = "https://files.pythonhosted.org/packages/18/5d/3bf57dcd21979b887f014ea83c24ae194cfcd12b9e0fda66b957c69d1fca/setuptools-80.9.0.tar.gz", hash = "sha256:f36b47402ecde768dbfafc46e8e4207b4360c654f1f3bb84475f0a28628fb19c", size = 1319958, upload_time = "2025-05-27T00:56:51.443Z" }
wheels = [
    { url = "https://files.pythonhosted.org/packages/a3/dc/17031897dae0efacfea57dfd3a82fdd2a2aeb58e0ff71b77b87e44edc772/setuptools-80.9.0-py3-none-any.whl", hash = "sha256:062d34222ad13e0cc312a4c02d73f059e86a4acbfbdea8f8f76b28c99f306922", size = 1201486, upload_time = "2025-05-27T00:56:49.664Z" },
]

[[package]]
name = "zipp"
version = "3.20.2"
source = { registry = "https://pypi.org/simple" }
resolution-markers = [
    "python_full_version < '3.9'",
]
sdist = { url = "https://files.pythonhosted.org/packages/54/bf/5c0000c44ebc80123ecbdddba1f5dcd94a5ada602a9c225d84b5aaa55e86/zipp-3.20.2.tar.gz", hash = "sha256:bc9eb26f4506fda01b81bcde0ca78103b6e62f991b381fec825435c836edbc29", size = 24199, upload_time = "2024-09-13T13:44:16.101Z" }
wheels = [
    { url = "https://files.pythonhosted.org/packages/62/8b/5ba542fa83c90e09eac972fc9baca7a88e7e7ca4b221a89251954019308b/zipp-3.20.2-py3-none-any.whl", hash = "sha256:a817ac80d6cf4b23bf7f2828b7cabf326f15a001bea8b1f9b49631780ba28350", size = 9200, upload_time = "2024-09-13T13:44:14.38Z" },
]

[[package]]
name = "zipp"
version = "3.23.0"
source = { registry = "https://pypi.org/simple" }
resolution-markers = [
    "python_full_version >= '3.9'",
]
sdist = { url = "https://files.pythonhosted.org/packages/e3/02/0f2892c661036d50ede074e376733dca2ae7c6eb617489437771209d4180/zipp-3.23.0.tar.gz", hash = "sha256:a07157588a12518c9d4034df3fbbee09c814741a33ff63c05fa29d26a2404166", size = 25547, upload_time = "2025-06-08T17:06:39.4Z" }
wheels = [
    { url = "https://files.pythonhosted.org/packages/2e/54/647ade08bf0db230bfea292f893923872fd20be6ac6f53b2b936ba839d75/zipp-3.23.0-py3-none-any.whl", hash = "sha256:071652d6115ed432f5ce1d34c336c0adfd6a884660d1e9712a256d3d3bd4b14e", size = 10276, upload_time = "2025-06-08T17:06:38.034Z" },
]
